
Microsoft Visual Studio Solution File, Format Version 12.00
# Visual Studio 15
VisualStudioVersion = 15.0.26228.4
MinimumVisualStudioVersion = 10.0.40219.1
Project("{FAE04EC0-301F-11D3-BF4B-00C04F79EFBC}") = "ConsoleApplication2", "ConsoleApplication2\ConsoleApplication2.csproj", "{84965108-67B2-4195-819F-6708FF57AA64}"
EndProject
Project("{FAE04EC0-301F-11D3-BF4B-00C04F79EFBC}") = "ConsoleApp1", "ConsoleApp1\ConsoleApp1.csproj", "{274A7424-986F-4623-9339-6A11D1CB4748}"
EndProject
Global
	GlobalSection(SolutionConfigurationPlatforms) = preSolution
		Debug|Any CPU = Debug|Any CPU
		Release|Any CPU = Release|Any CPU
	EndGlobalSection
	GlobalSection(ProjectConfigurationPlatforms) = postSolution
		{84965108-67B2-4195-819F-6708FF57AA64}.Debug|Any CPU.ActiveCfg = Debug|Any CPU
		{84965108-67B2-4195-819F-6708FF57AA64}.Debug|Any CPU.Build.0 = Debug|Any CPU
		{84965108-67B2-4195-819F-6708FF57AA64}.Release|Any CPU.ActiveCfg = Release|Any CPU
		{84965108-67B2-4195-819F-6708FF57AA64}.Release|Any CPU.Build.0 = Release|Any CPU
		{274A7424-986F-4623-9339-6A11D1CB4748}.Debug|Any CPU.ActiveCfg = Debug|Any CPU
		{274A7424-986F-4623-9339-6A11D1CB4748}.Debug|Any CPU.Build.0 = Debug|Any CPU
		{274A7424-986F-4623-9339-6A11D1CB4748}.Release|Any CPU.ActiveCfg = Release|Any CPU
		{274A7424-986F-4623-9339-6A11D1CB4748}.Release|Any CPU.Build.0 = Release|Any CPU
	EndGlobalSection
	GlobalSection(SolutionProperties) = preSolution
		HideSolutionNode = FALSE
	EndGlobalSection
EndGlobal
